
Microsoft Visual Studio Solution File, Format Version 12.00
# Visual Studio Version 17
VisualStudioVersion = 17.2.32602.215
MinimumVisualStudioVersion = 10.0.40219.1
Project("{FAE04EC0-301F-11D3-BF4B-00C04F79EFBC}") = "Lab1", "Lab1\Lab1.csproj", "{6313FCBD-6F83-425A-936C-14788DD877ED}"
EndProject
Global
	GlobalSection(SolutionConfigurationPlatforms) = preSolution
		Debug|Any CPU = Debug|Any CPU
		Release|Any CPU = Release|Any CPU
	EndGlobalSection
	GlobalSection(ProjectConfigurationPlatforms) = postSolution
		{6313FCBD-6F83-425A-936C-14788DD877ED}.Debug|Any CPU.ActiveCfg = Debug|Any CPU
		{6313FCBD-6F83-425A-936C-14788DD877ED}.Debug|Any CPU.Build.0 = Debug|Any CPU
		{6313FCBD-6F83-425A-936C-14788DD877ED}.Release|Any CPU.ActiveCfg = Release|Any CPU
		{6313FCBD-6F83-425A-936C-14788DD877ED}.Release|Any CPU.Build.0 = Release|Any CPU
	EndGlobalSection
	GlobalSection(SolutionProperties) = preSolution
		HideSolutionNode = FALSE
	EndGlobalSection
	GlobalSection(ExtensibilityGlobals) = postSolution
		SolutionGuid = {196A0BED-E038-438E-B92E-D6E2EA0E5877}
	EndGlobalSection
EndGlobal
